
Microsoft Visual Studio Solution File, Format Version 12.00
# Visual Studio Version 16
VisualStudioVersion = 16.0.31605.320
MinimumVisualStudioVersion = 10.0.40219.1
Project("{FAE04EC0-301F-11D3-BF4B-00C04F79EFBC}") = "AliceSister", "AliceSister\AliceSister.csproj", "{CBA806FD-28B2-4C99-A12F-9144ED07696A}"
EndProject
Global
	GlobalSection(SolutionConfigurationPlatforms) = preSolution
		Debug|Any CPU = Debug|Any CPU
		Release|Any CPU = Release|Any CPU
	EndGlobalSection
	GlobalSection(ProjectConfigurationPlatforms) = postSolution
		{CBA806FD-28B2-4C99-A12F-9144ED07696A}.Debug|Any CPU.ActiveCfg = Debug|Any CPU
		{CBA806FD-28B2-4C99-A12F-9144ED07696A}.Debug|Any CPU.Build.0 = Debug|Any CPU
		{CBA806FD-28B2-4C99-A12F-9144ED07696A}.Release|Any CPU.ActiveCfg = Release|Any CPU
		{CBA806FD-28B2-4C99-A12F-9144ED07696A}.Release|Any CPU.Build.0 = Release|Any CPU
	EndGlobalSection
	GlobalSection(SolutionProperties) = preSolution
		HideSolutionNode = FALSE
	EndGlobalSection
	GlobalSection(ExtensibilityGlobals) = postSolution
		SolutionGuid = {FB0BC18E-4AA6-4575-866A-3C5DF8482B16}
	EndGlobalSection
EndGlobal
